
Microsoft Visual Studio Solution File, Format Version 12.00
# Visual Studio Version 17
VisualStudioVersion = 17.4.33122.133
MinimumVisualStudioVersion = 10.0.40219.1
Project("{8BC9CEB8-8B4A-11D0-8D11-00A0C91BC942}") = "Individual Work 2", "Individual Work 2\Individual Work 2.vcxproj", "{51D5589C-AC74-4D01-A07D-5EBEEE83C6ED}"
EndProject
Project("{8BC9CEB8-8B4A-11D0-8D11-00A0C91BC942}") = "UnitTests", "UnitTests\UnitTests.vcxproj", "{A0356F90-FC0B-41E2-9412-CE296F793C7B}"
EndProject
Global
	GlobalSection(SolutionConfigurationPlatforms) = preSolution
		Debug|x64 = Debug|x64
		Debug|x86 = Debug|x86
		Release|x64 = Release|x64
		Release|x86 = Release|x86
	EndGlobalSection
	GlobalSection(ProjectConfigurationPlatforms) = postSolution
		{51D5589C-AC74-4D01-A07D-5EBEEE83C6ED}.Debug|x64.ActiveCfg = Debug|x64
		{51D5589C-AC74-4D01-A07D-5EBEEE83C6ED}.Debug|x64.Build.0 = Debug|x64
		{51D5589C-AC74-4D01-A07D-5EBEEE83C6ED}.Debug|x86.ActiveCfg = Debug|Win32
		{51D5589C-AC74-4D01-A07D-5EBEEE83C6ED}.Debug|x86.Build.0 = Debug|Win32
		{51D5589C-AC74-4D01-A07D-5EBEEE83C6ED}.Release|x64.ActiveCfg = Release|x64
		{51D5589C-AC74-4D01-A07D-5EBEEE83C6ED}.Release|x64.Build.0 = Release|x64
		{51D5589C-AC74-4D01-A07D-5EBEEE83C6ED}.Release|x86.ActiveCfg = Release|Win32
		{51D5589C-AC74-4D01-A07D-5EBEEE83C6ED}.Release|x86.Build.0 = Release|Win32
		{A0356F90-FC0B-41E2-9412-CE296F793C7B}.Debug|x64.ActiveCfg = Debug|x64
		{A0356F90-FC0B-41E2-9412-CE296F793C7B}.Debug|x64.Build.0 = Debug|x64
		{A0356F90-FC0B-41E2-9412-CE296F793C7B}.Debug|x86.ActiveCfg = Debug|Win32
		{A0356F90-FC0B-41E2-9412-CE296F793C7B}.Debug|x86.Build.0 = Debug|Win32
		{A0356F90-FC0B-41E2-9412-CE296F793C7B}.Release|x64.ActiveCfg = Release|x64
		{A0356F90-FC0B-41E2-9412-CE296F793C7B}.Release|x64.Build.0 = Release|x64
		{A0356F90-FC0B-41E2-9412-CE296F793C7B}.Release|x86.ActiveCfg = Release|Win32
		{A0356F90-FC0B-41E2-9412-CE296F793C7B}.Release|x86.Build.0 = Release|Win32
	EndGlobalSection
	GlobalSection(SolutionProperties) = preSolution
		HideSolutionNode = FALSE
	EndGlobalSection
	GlobalSection(ExtensibilityGlobals) = postSolution
		SolutionGuid = {7A563597-ED5D-436E-8902-50AE382466CD}
	EndGlobalSection
EndGlobal
